
Microsoft Visual Studio Solution File, Format Version 12.00
# Visual Studio 15
VisualStudioVersion = 15.0.28010.2050
MinimumVisualStudioVersion = 10.0.40219.1
Project("{FAE04EC0-301F-11D3-BF4B-00C04F79EFBC}") = "MoveLabelDemo", "MoveLabelDemo\MoveLabelDemo.csproj", "{A4F04A27-7880-49AA-85CC-C88FEC2089F4}"
EndProject
Global
	GlobalSection(SolutionConfigurationPlatforms) = preSolution
		Debug|Any CPU = Debug|Any CPU
		Release|Any CPU = Release|Any CPU
	EndGlobalSection
	GlobalSection(ProjectConfigurationPlatforms) = postSolution
		{A4F04A27-7880-49AA-85CC-C88FEC2089F4}.Debug|Any CPU.ActiveCfg = Debug|Any CPU
		{A4F04A27-7880-49AA-85CC-C88FEC2089F4}.Debug|Any CPU.Build.0 = Debug|Any CPU
		{A4F04A27-7880-49AA-85CC-C88FEC2089F4}.Release|Any CPU.ActiveCfg = Release|Any CPU
		{A4F04A27-7880-49AA-85CC-C88FEC2089F4}.Release|Any CPU.Build.0 = Release|Any CPU
	EndGlobalSection
	GlobalSection(SolutionProperties) = preSolution
		HideSolutionNode = FALSE
	EndGlobalSection
	GlobalSection(ExtensibilityGlobals) = postSolution
		SolutionGuid = {3481AF7A-B949-4CEF-8760-4B3AF47A9B2C}
	EndGlobalSection
EndGlobal
